
Microsoft Visual Studio Solution File, Format Version 12.00
# Visual Studio Version 17
VisualStudioVersion = 17.13.35825.156 d17.13
MinimumVisualStudioVersion = 10.0.40219.1
Project("{FAE04EC0-301F-11D3-BF4B-00C04F79EFBC}") = "REMIDI PBO", "REMIDI PBO\REMIDI PBO.csproj", "{881B642C-AFD7-4C4A-A1F2-8110F1312268}"
EndProject
Global
	GlobalSection(SolutionConfigurationPlatforms) = preSolution
		Debug|Any CPU = Debug|Any CPU
		Release|Any CPU = Release|Any CPU
	EndGlobalSection
	GlobalSection(ProjectConfigurationPlatforms) = postSolution
		{881B642C-AFD7-4C4A-A1F2-8110F1312268}.Debug|Any CPU.ActiveCfg = Debug|Any CPU
		{881B642C-AFD7-4C4A-A1F2-8110F1312268}.Debug|Any CPU.Build.0 = Debug|Any CPU
		{881B642C-AFD7-4C4A-A1F2-8110F1312268}.Release|Any CPU.ActiveCfg = Release|Any CPU
		{881B642C-AFD7-4C4A-A1F2-8110F1312268}.Release|Any CPU.Build.0 = Release|Any CPU
	EndGlobalSection
	GlobalSection(SolutionProperties) = preSolution
		HideSolutionNode = FALSE
	EndGlobalSection
	GlobalSection(ExtensibilityGlobals) = postSolution
		SolutionGuid = {7201A4A9-9EED-46F6-B367-1B9499DADA19}
	EndGlobalSection
EndGlobal
